
Microsoft Visual Studio Solution File, Format Version 12.00
Project("{FAE04EC0-301F-11D3-BF4B-00C04F79EFBC}") = "Endpoints", "Endpoints\Endpoints.csproj", "{606C8782-6B0A-4283-ABF3-B689014B171E}"
EndProject
Project("{FAE04EC0-301F-11D3-BF4B-00C04F79EFBC}") = "Entities", "Entities\Entities.csproj", "{7A6497DF-86BD-4FA0-965F-C89807D54CCC}"
EndProject
Project("{FAE04EC0-301F-11D3-BF4B-00C04F79EFBC}") = "Tests", "Tests\Tests.csproj", "{0D9945E5-B3CA-41AE-9467-FDDA80CA45EA}"
EndProject
Project("{FAE04EC0-301F-11D3-BF4B-00C04F79EFBC}") = "Core", "Core\Core.csproj", "{310B4421-D8C7-4889-88C6-A8BAF0509D2A}"
EndProject
Project("{FAE04EC0-301F-11D3-BF4B-00C04F79EFBC}") = "Integration", "Integration\Integration.csproj", "{92EEE561-41BC-468A-A464-66831FD55D40}"
EndProject
Project("{FAE04EC0-301F-11D3-BF4B-00C04F79EFBC}") = "Database", "Database\Database.csproj", "{6D276C35-262C-44F6-96D4-88D98B2C32E8}"
EndProject
Project("{FAE04EC0-301F-11D3-BF4B-00C04F79EFBC}") = "Services", "Services\Services.csproj", "{9D0BEC11-135C-41EE-B515-07A4C73962AA}"
EndProject
Project("{FAE04EC0-301F-11D3-BF4B-00C04F79EFBC}") = "Models.DynamoDB", "Models.DynamoDB\Models.DynamoDB.csproj", "{D34AECC8-8A1B-492C-8668-C17278AC1863}"
EndProject
Global
	GlobalSection(SolutionConfigurationPlatforms) = preSolution
		Debug|Any CPU = Debug|Any CPU
		Release|Any CPU = Release|Any CPU
	EndGlobalSection
	GlobalSection(ProjectConfigurationPlatforms) = postSolution
		{606C8782-6B0A-4283-ABF3-B689014B171E}.Debug|Any CPU.ActiveCfg = Debug|Any CPU
		{606C8782-6B0A-4283-ABF3-B689014B171E}.Debug|Any CPU.Build.0 = Debug|Any CPU
		{606C8782-6B0A-4283-ABF3-B689014B171E}.Release|Any CPU.ActiveCfg = Release|Any CPU
		{606C8782-6B0A-4283-ABF3-B689014B171E}.Release|Any CPU.Build.0 = Release|Any CPU
		{7A6497DF-86BD-4FA0-965F-C89807D54CCC}.Debug|Any CPU.ActiveCfg = Debug|Any CPU
		{7A6497DF-86BD-4FA0-965F-C89807D54CCC}.Debug|Any CPU.Build.0 = Debug|Any CPU
		{7A6497DF-86BD-4FA0-965F-C89807D54CCC}.Release|Any CPU.ActiveCfg = Release|Any CPU
		{7A6497DF-86BD-4FA0-965F-C89807D54CCC}.Release|Any CPU.Build.0 = Release|Any CPU
		{0D9945E5-B3CA-41AE-9467-FDDA80CA45EA}.Debug|Any CPU.ActiveCfg = Debug|Any CPU
		{0D9945E5-B3CA-41AE-9467-FDDA80CA45EA}.Debug|Any CPU.Build.0 = Debug|Any CPU
		{0D9945E5-B3CA-41AE-9467-FDDA80CA45EA}.Release|Any CPU.ActiveCfg = Release|Any CPU
		{0D9945E5-B3CA-41AE-9467-FDDA80CA45EA}.Release|Any CPU.Build.0 = Release|Any CPU
		{310B4421-D8C7-4889-88C6-A8BAF0509D2A}.Debug|Any CPU.ActiveCfg = Debug|Any CPU
		{310B4421-D8C7-4889-88C6-A8BAF0509D2A}.Debug|Any CPU.Build.0 = Debug|Any CPU
		{310B4421-D8C7-4889-88C6-A8BAF0509D2A}.Release|Any CPU.ActiveCfg = Release|Any CPU
		{310B4421-D8C7-4889-88C6-A8BAF0509D2A}.Release|Any CPU.Build.0 = Release|Any CPU
		{92EEE561-41BC-468A-A464-66831FD55D40}.Debug|Any CPU.ActiveCfg = Debug|Any CPU
		{92EEE561-41BC-468A-A464-66831FD55D40}.Debug|Any CPU.Build.0 = Debug|Any CPU
		{92EEE561-41BC-468A-A464-66831FD55D40}.Release|Any CPU.ActiveCfg = Release|Any CPU
		{92EEE561-41BC-468A-A464-66831FD55D40}.Release|Any CPU.Build.0 = Release|Any CPU
		{6D276C35-262C-44F6-96D4-88D98B2C32E8}.Debug|Any CPU.ActiveCfg = Debug|Any CPU
		{6D276C35-262C-44F6-96D4-88D98B2C32E8}.Debug|Any CPU.Build.0 = Debug|Any CPU
		{6D276C35-262C-44F6-96D4-88D98B2C32E8}.Release|Any CPU.ActiveCfg = Release|Any CPU
		{6D276C35-262C-44F6-96D4-88D98B2C32E8}.Release|Any CPU.Build.0 = Release|Any CPU
		{9D0BEC11-135C-41EE-B515-07A4C73962AA}.Debug|Any CPU.ActiveCfg = Debug|Any CPU
		{9D0BEC11-135C-41EE-B515-07A4C73962AA}.Debug|Any CPU.Build.0 = Debug|Any CPU
		{9D0BEC11-135C-41EE-B515-07A4C73962AA}.Release|Any CPU.ActiveCfg = Release|Any CPU
		{9D0BEC11-135C-41EE-B515-07A4C73962AA}.Release|Any CPU.Build.0 = Release|Any CPU
		{D34AECC8-8A1B-492C-8668-C17278AC1863}.Debug|Any CPU.ActiveCfg = Debug|Any CPU
		{D34AECC8-8A1B-492C-8668-C17278AC1863}.Debug|Any CPU.Build.0 = Debug|Any CPU
		{D34AECC8-8A1B-492C-8668-C17278AC1863}.Release|Any CPU.ActiveCfg = Release|Any CPU
		{D34AECC8-8A1B-492C-8668-C17278AC1863}.Release|Any CPU.Build.0 = Release|Any CPU
	EndGlobalSection
EndGlobal
